
Microsoft Visual Studio Solution File, Format Version 12.00
# Visual Studio 15
VisualStudioVersion = 15.0.27130.2027
MinimumVisualStudioVersion = 10.0.40219.1
Project("{FAE04EC0-301F-11D3-BF4B-00C04F79EFBC}") = "Palindrome.Api", "Palindrome.Api\Palindrome.Api.csproj", "{FA72FFD5-BF94-4C3C-83C1-3915FB410E80}"
EndProject
Project("{00D1A9C2-B5F0-4AF3-8072-F6C62B433612}") = "PalindromeDB", "PalindromeDB\PalindromeDB.sqlproj", "{F5161AE1-AC90-43A3-B303-08060DDD317C}"
EndProject
Global
	GlobalSection(SolutionConfigurationPlatforms) = preSolution
		Debug|Any CPU = Debug|Any CPU
		Release|Any CPU = Release|Any CPU
	EndGlobalSection
	GlobalSection(ProjectConfigurationPlatforms) = postSolution
		{FA72FFD5-BF94-4C3C-83C1-3915FB410E80}.Debug|Any CPU.ActiveCfg = Debug|Any CPU
		{FA72FFD5-BF94-4C3C-83C1-3915FB410E80}.Debug|Any CPU.Build.0 = Debug|Any CPU
		{FA72FFD5-BF94-4C3C-83C1-3915FB410E80}.Release|Any CPU.ActiveCfg = Release|Any CPU
		{FA72FFD5-BF94-4C3C-83C1-3915FB410E80}.Release|Any CPU.Build.0 = Release|Any CPU
		{F5161AE1-AC90-43A3-B303-08060DDD317C}.Debug|Any CPU.ActiveCfg = Debug|Any CPU
		{F5161AE1-AC90-43A3-B303-08060DDD317C}.Debug|Any CPU.Build.0 = Debug|Any CPU
		{F5161AE1-AC90-43A3-B303-08060DDD317C}.Debug|Any CPU.Deploy.0 = Debug|Any CPU
		{F5161AE1-AC90-43A3-B303-08060DDD317C}.Release|Any CPU.ActiveCfg = Release|Any CPU
		{F5161AE1-AC90-43A3-B303-08060DDD317C}.Release|Any CPU.Build.0 = Release|Any CPU
		{F5161AE1-AC90-43A3-B303-08060DDD317C}.Release|Any CPU.Deploy.0 = Release|Any CPU
	EndGlobalSection
	GlobalSection(SolutionProperties) = preSolution
		HideSolutionNode = FALSE
	EndGlobalSection
	GlobalSection(ExtensibilityGlobals) = postSolution
		SolutionGuid = {DD08432F-406F-4E04-BC51-A36F9F319F0E}
	EndGlobalSection
EndGlobal
